// !$*UTF8*$!
{
	archiveVersion = 1;
	classes = {
	};
	objectVersion = 77;
	objects = {

/* Begin PBXContainerItemProxy section */
		FAD5D4822D8F1B43005DD193 /* PBXContainerItemProxy */ = {
			isa = PBXContainerItemProxy;
			containerPortal = FAD5D4682D8F1B42005DD193 /* Project object */;
			proxyType = 1;
			remoteGlobalIDString = FAD5D46F2D8F1B42005DD193;
			remoteInfo = Clippy;
		};
		FAD5D48C2D8F1B43005DD193 /* PBXContainerItemProxy */ = {
			isa = PBXContainerItemProxy;
			containerPortal = FAD5D4682D8F1B42005DD193 /* Project object */;
			proxyType = 1;
			remoteGlobalIDString = FAD5D46F2D8F1B42005DD193;
			remoteInfo = Clippy;
		};
/* End PBXContainerItemProxy section */

/* Begin PBXFileReference section */
		FAD5D4702D8F1B42005DD193 /* Clippy.app */ = {isa = PBXFileReference; explicitFileType = wrapper.application; includeInIndex = 0; path = Clippy.app; sourceTree = BUILT_PRODUCTS_DIR; };
		FAD5D4812D8F1B43005DD193 /* ClippyTests.xctest */ = {isa = PBXFileReference; explicitFileType = wrapper.cfbundle; includeInIndex = 0; path = ClippyTests.xctest; sourceTree = BUILT_PRODUCTS_DIR; };
		FAD5D48B2D8F1B43005DD193 /* ClippyUITests.xctest */ = {isa = PBXFileReference; explicitFileType = wrapper.cfbundle; includeInIndex = 0; path = ClippyUITests.xctest; sourceTree = BUILT_PRODUCTS_DIR; };
/* End PBXFileReference section */

/* Begin PBXFileSystemSynchronizedRootGroup section */
		FAD5D4722D8F1B42005DD193 /* Clippy */ = {
			isa = PBXFileSystemSynchronizedRootGroup;
			path = Clippy;
			sourceTree = "<group>";
		};
		FAD5D4842D8F1B43005DD193 /* ClippyTests */ = {
			isa = PBXFileSystemSynchronizedRootGroup;
			path = ClippyTests;
			sourceTree = "<group>";
		};
		FAD5D48E2D8F1B43005DD193 /* ClippyUITests */ = {
			isa = PBXFileSystemSynchronizedRootGroup;
			path = ClippyUITests;
			sourceTree = "<group>";
		};
/* End PBXFileSystemSynchronizedRootGroup section */

/* Begin PBXFrameworksBuildPhase section */
		FAD5D46D2D8F1B42005DD193 /* Frameworks */ = {
			isa = PBXFrameworksBuildPhase;
			buildActionMask = 2147483647;
			files = (
			);
			runOnlyForDeploymentPostprocessing = 0;
		};
		FAD5D47E2D8F1B43005DD193 /* Frameworks */ = {
			isa = PBXFrameworksBuildPhase;
			buildActionMask = 2147483647;
			files = (
			);
			runOnlyForDeploymentPostprocessing = 0;
		};
		FAD5D4882D8F1B43005DD193 /* Frameworks */ = {
			isa = PBXFrameworksBuildPhase;
			buildActionMask = 2147483647;
			files = (
			);
			runOnlyForDeploymentPostprocessing = 0;
		};
/* End PBXFrameworksBuildPhase section */

/* Begin PBXGroup section */
		FAD5D4672D8F1B42005DD193 = {
			isa = PBXGroup;
			children = (
				FAD5D4722D8F1B42005DD193 /* Clippy */,
				FAD5D4842D8F1B43005DD193 /* ClippyTests */,
				FAD5D48E2D8F1B43005DD193 /* ClippyUITests */,
				FAD5D4712D8F1B42005DD193 /* Products */,
			);
			sourceTree = "<group>";
		};
		FAD5D4712D8F1B42005DD193 /* Products */ = {
			isa = PBXGroup;
			children = (
				FAD5D4702D8F1B42005DD193 /* Clippy.app */,
				FAD5D4812D8F1B43005DD193 /* ClippyTests.xctest */,
				FAD5D48B2D8F1B43005DD193 /* ClippyUITests.xctest */,
			);
			name = Products;
			sourceTree = "<group>";
		};
/* End PBXGroup section */

/* Begin PBXNativeTarget section */
		FAD5D46F2D8F1B42005DD193 /* Clippy */ = {
			isa = PBXNativeTarget;
			buildConfigurationList = FAD5D4952D8F1B43005DD193 /* Build configuration list for PBXNativeTarget "Clippy" */;
			buildPhases = (
				FAD5D46C2D8F1B42005DD193 /* Sources */,
				FAD5D46D2D8F1B42005DD193 /* Frameworks */,
				FAD5D46E2D8F1B42005DD193 /* Resources */,
			);
			buildRules = (
			);
			dependencies = (
			);
			fileSystemSynchronizedGroups = (
				FAD5D4722D8F1B42005DD193 /* Clippy */,
			);
			name = Clippy;
			packageProductDependencies = (
			);
			productName = Clippy;
			productReference = FAD5D4702D8F1B42005DD193 /* Clippy.app */;
			productType = "com.apple.product-type.application";
		};
		FAD5D4802D8F1B43005DD193 /* ClippyTests */ = {
			isa = PBXNativeTarget;
			buildConfigurationList = FAD5D4982D8F1B43005DD193 /* Build configuration list for PBXNativeTarget "ClippyTests" */;
			buildPhases = (
				FAD5D47D2D8F1B43005DD193 /* Sources */,
				FAD5D47E2D8F1B43005DD193 /* Frameworks */,
				FAD5D47F2D8F1B43005DD193 /* Resources */,
			);
			buildRules = (
			);
			dependencies = (
				FAD5D4832D8F1B43005DD193 /* PBXTargetDependency */,
			);
			fileSystemSynchronizedGroups = (
				FAD5D4842D8F1B43005DD193 /* ClippyTests */,
			);
			name = ClippyTests;
			packageProductDependencies = (
			);
			productName = ClippyTests;
			productReference = FAD5D4812D8F1B43005DD193 /* ClippyTests.xctest */;
			productType = "com.apple.product-type.bundle.unit-test";
		};
		FAD5D48A2D8F1B43005DD193 /* ClippyUITests */ = {
			isa = PBXNativeTarget;
			buildConfigurationList = FAD5D49B2D8F1B43005DD193 /* Build configuration list for PBXNativeTarget "ClippyUITests" */;
			buildPhases = (
				FAD5D4872D8F1B43005DD193 /* Sources */,
				FAD5D4882D8F1B43005DD193 /* Frameworks */,
				FAD5D4892D8F1B43005DD193 /* Resources */,
			);
			buildRules = (
			);
			dependencies = (
				FAD5D48D2D8F1B43005DD193 /* PBXTargetDependency */,
			);
			fileSystemSynchronizedGroups = (
				FAD5D48E2D8F1B43005DD193 /* ClippyUITests */,
			);
			name = ClippyUITests;
			packageProductDependencies = (
			);
			productName = ClippyUITests;
			productReference = FAD5D48B2D8F1B43005DD193 /* ClippyUITests.xctest */;
			productType = "com.apple.product-type.bundle.ui-testing";
		};
/* End PBXNativeTarget section */

/* Begin PBXProject section */
		FAD5D4682D8F1B42005DD193 /* Project object */ = {
			isa = PBXProject;
			attributes = {
				BuildIndependentTargetsInParallel = 1;
				LastSwiftUpdateCheck = 1620;
				LastUpgradeCheck = 1620;
				TargetAttributes = {
					FAD5D46F2D8F1B42005DD193 = {
						CreatedOnToolsVersion = 16.2;
					};
					FAD5D4802D8F1B43005DD193 = {
						CreatedOnToolsVersion = 16.2;
						TestTargetID = FAD5D46F2D8F1B42005DD193;
					};
					FAD5D48A2D8F1B43005DD193 = {
						CreatedOnToolsVersion = 16.2;
						TestTargetID = FAD5D46F2D8F1B42005DD193;
					};
				};
			};
			buildConfigurationList = FAD5D46B2D8F1B42005DD193 /* Build configuration list for PBXProject "Clippy" */;
			developmentRegion = en;
			hasScannedForEncodings = 0;
			knownRegions = (
				en,
				Base,
			);
			mainGroup = FAD5D4672D8F1B42005DD193;
			minimizedProjectReferenceProxies = 1;
			preferredProjectObjectVersion = 77;
			productRefGroup = FAD5D4712D8F1B42005DD193 /* Products */;
			projectDirPath = "";
			projectRoot = "";
			targets = (
				FAD5D46F2D8F1B42005DD193 /* Clippy */,
				FAD5D4802D8F1B43005DD193 /* ClippyTests */,
				FAD5D48A2D8F1B43005DD193 /* ClippyUITests */,
			);
		};
/* End PBXProject section */

/* Begin PBXResourcesBuildPhase section */
		FAD5D46E2D8F1B42005DD193 /* Resources */ = {
			isa = PBXResourcesBuildPhase;
			buildActionMask = 2147483647;
			files = (
			);
			runOnlyForDeploymentPostprocessing = 0;
		};
		FAD5D47F2D8F1B43005DD193 /* Resources */ = {
			isa = PBXResourcesBuildPhase;
			buildActionMask = 2147483647;
			files = (
			);
			runOnlyForDeploymentPostprocessing = 0;
		};
		FAD5D4892D8F1B43005DD193 /* Resources */ = {
			isa = PBXResourcesBuildPhase;
			buildActionMask = 2147483647;
			files = (
			);
			runOnlyForDeploymentPostprocessing = 0;
		};
/* End PBXResourcesBuildPhase section */

/* Begin PBXSourcesBuildPhase section */
		FAD5D46C2D8F1B42005DD193 /* Sources */ = {
			isa = PBXSourcesBuildPhase;
			buildActionMask = 2147483647;
			files = (
			);
			runOnlyForDeploymentPostprocessing = 0;
		};
		FAD5D47D2D8F1B43005DD193 /* Sources */ = {
			isa = PBXSourcesBuildPhase;
			buildActionMask = 2147483647;
			files = (
			);
			runOnlyForDeploymentPostprocessing = 0;
		};
		FAD5D4872D8F1B43005DD193 /* Sources */ = {
			isa = PBXSourcesBuildPhase;
			buildActionMask = 2147483647;
			files = (
			);
			runOnlyForDeploymentPostprocessing = 0;
		};
/* End PBXSourcesBuildPhase section */

/* Begin PBXTargetDependency section */
		FAD5D4832D8F1B43005DD193 /* PBXTargetDependency */ = {
			isa = PBXTargetDependency;
			target = FAD5D46F2D8F1B42005DD193 /* Clippy */;
			targetProxy = FAD5D4822D8F1B43005DD193 /* PBXContainerItemProxy */;
		};
		FAD5D48D2D8F1B43005DD193 /* PBXTargetDependency */ = {
			isa = PBXTargetDependency;
			target = FAD5D46F2D8F1B42005DD193 /* Clippy */;
			targetProxy = FAD5D48C2D8F1B43005DD193 /* PBXContainerItemProxy */;
		};
/* End PBXTargetDependency section */

/* Begin XCBuildConfiguration section */
		FAD5D4932D8F1B43005DD193 /* Debug */ = {
			isa = XCBuildConfiguration;
			buildSettings = {
				ALWAYS_SEARCH_USER_PATHS = NO;
				ASSETCATALOG_COMPILER_GENERATE_SWIFT_ASSET_SYMBOL_EXTENSIONS = YES;
				CLANG_ANALYZER_NONNULL = YES;
				CLANG_ANALYZER_NUMBER_OBJECT_CONVERSION = YES_AGGRESSIVE;
				CLANG_CXX_LANGUAGE_STANDARD = "gnu++20";
				CLANG_ENABLE_MODULES = YES;
				CLANG_ENABLE_OBJC_ARC = YES;
				CLANG_ENABLE_OBJC_WEAK = YES;
				CLANG_WARN_BLOCK_CAPTURE_AUTORELEASING = YES;
				CLANG_WARN_BOOL_CONVERSION = YES;
				CLANG_WARN_COMMA = YES;
				CLANG_WARN_CONSTANT_CONVERSION = YES;
				CLANG_WARN_DEPRECATED_OBJC_IMPLEMENTATIONS = YES;
				CLANG_WARN_DIRECT_OBJC_ISA_USAGE = YES_ERROR;
				CLANG_WARN_DOCUMENTATION_COMMENTS = YES;
				CLANG_WARN_EMPTY_BODY = YES;
				CLANG_WARN_ENUM_CONVERSION = YES;
				CLANG_WARN_INFINITE_RECURSION = YES;
				CLANG_WARN_INT_CONVERSION = YES;
				CLANG_WARN_NON_LITERAL_NULL_CONVERSION = YES;
				CLANG_WARN_OBJC_IMPLICIT_RETAIN_SELF = YES;
				CLANG_WARN_OBJC_LITERAL_CONVERSION = YES;
				CLANG_WARN_OBJC_ROOT_CLASS = YES_ERROR;
				CLANG_WARN_QUOTED_INCLUDE_IN_FRAMEWORK_HEADER = YES;
				CLANG_WARN_RANGE_LOOP_ANALYSIS = YES;
				CLANG_WARN_STRICT_PROTOTYPES = YES;
				CLANG_WARN_SUSPICIOUS_MOVE = YES;
				CLANG_WARN_UNGUARDED_AVAILABILITY = YES_AGGRESSIVE;
				CLANG_WARN_UNREACHABLE_CODE = YES;
				CLANG_WARN__DUPLICATE_METHOD_MATCH = YES;
				COPY_PHASE_STRIP = NO;
				DEBUG_INFORMATION_FORMAT = dwarf;
				ENABLE_STRICT_OBJC_MSGSEND = YES;
				ENABLE_TESTABILITY = YES;
				ENABLE_USER_SCRIPT_SANDBOXING = YES;
				GCC_C_LANGUAGE_STANDARD = gnu17;
				GCC_DYNAMIC_NO_PIC = NO;
				GCC_NO_COMMON_BLOCKS = YES;
				GCC_OPTIMIZATION_LEVEL = 0;
				GCC_PREPROCESSOR_DEFINITIONS = (
					"DEBUG=1",
					"$(inherited)",
				);
				GCC_WARN_64_TO_32_BIT_CONVERSION = YES;
				GCC_WARN_ABOUT_RETURN_TYPE = YES_ERROR;
				GCC_WARN_UNDECLARED_SELECTOR = YES;
				GCC_WARN_UNINITIALIZED_AUTOS = YES_AGGRESSIVE;
				GCC_WARN_UNUSED_FUNCTION = YES;
				GCC_WARN_UNUSED_VARIABLE = YES;
				LOCALIZATION_PREFERS_STRING_CATALOGS = YES;
				MACOSX_DEPLOYMENT_TARGET = 15.2;
				MTL_ENABLE_DEBUG_INFO = INCLUDE_SOURCE;
				MTL_FAST_MATH = YES;
				ONLY_ACTIVE_ARCH = YES;
				SDKROOT = macosx;
				SWIFT_ACTIVE_COMPILATION_CONDITIONS = "DEBUG $(inherited)";
				SWIFT_OPTIMIZATION_LEVEL = "-Onone";
			};
			name = Debug;
		};
		FAD5D4942D8F1B43005DD193 /* Release */ = {
			isa = XCBuildConfiguration;
			buildSettings = {
				ALWAYS_SEARCH_USER_PATHS = NO;
				ASSETCATALOG_COMPILER_GENERATE_SWIFT_ASSET_SYMBOL_EXTENSIONS = YES;
				CLANG_ANALYZER_NONNULL = YES;
				CLANG_ANALYZER_NUMBER_OBJECT_CONVERSION = YES_AGGRESSIVE;
				CLANG_CXX_LANGUAGE_STANDARD = "gnu++20";
				CLANG_ENABLE_MODULES = YES;
				CLANG_ENABLE_OBJC_ARC = YES;
				CLANG_ENABLE_OBJC_WEAK = YES;
				CLANG_WARN_BLOCK_CAPTURE_AUTORELEASING = YES;
				CLANG_WARN_BOOL_CONVERSION = YES;
				CLANG_WARN_COMMA = YES;
				CLANG_WARN_CONSTANT_CONVERSION = YES;
				CLANG_WARN_DEPRECATED_OBJC_IMPLEMENTATIONS = YES;
				CLANG_WARN_DIRECT_OBJC_ISA_USAGE = YES_ERROR;
				CLANG_WARN_DOCUMENTATION_COMMENTS = YES;
				CLANG_WARN_EMPTY_BODY = YES;
				CLANG_WARN_ENUM_CONVERSION = YES;
				CLANG_WARN_INFINITE_RECURSION = YES;
				CLANG_WARN_INT_CONVERSION = YES;
				CLANG_WARN_NON_LITERAL_NULL_CONVERSION = YES;
				CLANG_WARN_OBJC_IMPLICIT_RETAIN_SELF = YES;
				CLANG_WARN_OBJC_LITERAL_CONVERSION = YES;
				CLANG_WARN_OBJC_ROOT_CLASS = YES_ERROR;
				CLANG_WARN_QUOTED_INCLUDE_IN_FRAMEWORK_HEADER = YES;
				CLANG_WARN_RANGE_LOOP_ANALYSIS = YES;
				CLANG_WARN_STRICT_PROTOTYPES = YES;
				CLANG_WARN_SUSPICIOUS_MOVE = YES;
				CLANG_WARN_UNGUARDED_AVAILABILITY = YES_AGGRESSIVE;
				CLANG_WARN_UNREACHABLE_CODE = YES;
				CLANG_WARN__DUPLICATE_METHOD_MATCH = YES;
				COPY_PHASE_STRIP = NO;
				DEBUG_INFORMATION_FORMAT = "dwarf-with-dsym";
				ENABLE_NS_ASSERTIONS = NO;
				ENABLE_STRICT_OBJC_MSGSEND = YES;
				ENABLE_USER_SCRIPT_SANDBOXING = YES;
				GCC_C_LANGUAGE_STANDARD = gnu17;
				GCC_NO_COMMON_BLOCKS = YES;
				GCC_WARN_64_TO_32_BIT_CONVERSION = YES;
				GCC_WARN_ABOUT_RETURN_TYPE = YES_ERROR;
				GCC_WARN_UNDECLARED_SELECTOR = YES;
				GCC_WARN_UNINITIALIZED_AUTOS = YES_AGGRESSIVE;
				GCC_WARN_UNUSED_FUNCTION = YES;
				GCC_WARN_UNUSED_VARIABLE = YES;
				LOCALIZATION_PREFERS_STRING_CATALOGS = YES;
				MACOSX_DEPLOYMENT_TARGET = 15.2;
				MTL_ENABLE_DEBUG_INFO = NO;
				MTL_FAST_MATH = YES;
				ONLY_ACTIVE_ARCH = NO;
				SDKROOT = macosx;
				SWIFT_COMPILATION_MODE = wholemodule;
			};
			name = Release;
		};
		FAD5D4962D8F1B43005DD193 /* Debug */ = {
			isa = XCBuildConfiguration;
			buildSettings = {
				ASSETCATALOG_COMPILER_APPICON_NAME = AppIcon;
				ASSETCATALOG_COMPILER_GLOBAL_ACCENT_COLOR_NAME = AccentColor;
				CODE_SIGN_ENTITLEMENTS = Clippy/Clippy.entitlements;
				CODE_SIGN_STYLE = Automatic;
				COMBINE_HIDPI_IMAGES = YES;
				CURRENT_PROJECT_VERSION = 1;
				DEVELOPMENT_ASSET_PATHS = "\"Clippy/Preview Content\"";
				DEVELOPMENT_TEAM = AKH9B7U82J;
				ENABLE_HARDENED_RUNTIME = YES;
				ENABLE_PREVIEWS = YES;
				GENERATE_INFOPLIST_FILE = YES;
				INFOPLIST_KEY_NSHumanReadableCopyright = "";
				LD_RUNPATH_SEARCH_PATHS = (
					"$(inherited)",
					"@executable_path/../Frameworks",
				);
				MARKETING_VERSION = 1.0;
				OTHER_LDFLAGS = (
					"-framework",
					carbon,
				);
				PRODUCT_BUNDLE_IDENTIFIER = jnanismart.Clippy;
				PRODUCT_NAME = "$(TARGET_NAME)";
				SWIFT_EMIT_LOC_STRINGS = YES;
				SWIFT_VERSION = 5.0;
			};
			name = Debug;
		};
		FAD5D4972D8F1B43005DD193 /* Release */ = {
			isa = XCBuildConfiguration;
			buildSettings = {
				ASSETCATALOG_COMPILER_APPICON_NAME = AppIcon;
				ASSETCATALOG_COMPILER_GLOBAL_ACCENT_COLOR_NAME = AccentColor;
				CODE_SIGN_ENTITLEMENTS = Clippy/Clippy.entitlements;
				CODE_SIGN_STYLE = Automatic;
				COMBINE_HIDPI_IMAGES = YES;
				CURRENT_PROJECT_VERSION = 1;
				DEVELOPMENT_ASSET_PATHS = "\"Clippy/Preview Content\"";
				DEVELOPMENT_TEAM = AKH9B7U82J;
				ENABLE_HARDENED_RUNTIME = YES;
				ENABLE_PREVIEWS = YES;
				GENERATE_INFOPLIST_FILE = YES;
				INFOPLIST_KEY_NSHumanReadableCopyright = "";
				LD_RUNPATH_SEARCH_PATHS = (
					"$(inherited)",
					"@executable_path/../Frameworks",
				);
				MARKETING_VERSION = 1.0;
				OTHER_LDFLAGS = (
					"-framework",
					carbon,
				);
				PRODUCT_BUNDLE_IDENTIFIER = jnanismart.Clippy;
				PRODUCT_NAME = "$(TARGET_NAME)";
				SWIFT_EMIT_LOC_STRINGS = YES;
				SWIFT_VERSION = 5.0;
			};
			name = Release;
		};
		FAD5D4992D8F1B43005DD193 /* Debug */ = {
			isa = XCBuildConfiguration;
			buildSettings = {
				BUNDLE_LOADER = "$(TEST_HOST)";
				CODE_SIGN_STYLE = Automatic;
				CURRENT_PROJECT_VERSION = 1;
				DEVELOPMENT_TEAM = AKH9B7U82J;
				GENERATE_INFOPLIST_FILE = YES;
				MACOSX_DEPLOYMENT_TARGET = 15.2;
				MARKETING_VERSION = 1.0;
				PRODUCT_BUNDLE_IDENTIFIER = jnanismart.ClippyTests;
				PRODUCT_NAME = "$(TARGET_NAME)";
				SWIFT_EMIT_LOC_STRINGS = NO;
				SWIFT_VERSION = 5.0;
				TEST_HOST = "$(BUILT_PRODUCTS_DIR)/Clippy.app/$(BUNDLE_EXECUTABLE_FOLDER_PATH)/Clippy";
			};
			name = Debug;
		};
		FAD5D49A2D8F1B43005DD193 /* Release */ = {
			isa = XCBuildConfiguration;
			buildSettings = {
				BUNDLE_LOADER = "$(TEST_HOST)";
				CODE_SIGN_STYLE = Automatic;
				CURRENT_PROJECT_VERSION = 1;
				DEVELOPMENT_TEAM = AKH9B7U82J;
				GENERATE_INFOPLIST_FILE = YES;
				MACOSX_DEPLOYMENT_TARGET = 15.2;
				MARKETING_VERSION = 1.0;
				PRODUCT_BUNDLE_IDENTIFIER = jnanismart.ClippyTests;
				PRODUCT_NAME = "$(TARGET_NAME)";
				SWIFT_EMIT_LOC_STRINGS = NO;
				SWIFT_VERSION = 5.0;
				TEST_HOST = "$(BUILT_PRODUCTS_DIR)/Clippy.app/$(BUNDLE_EXECUTABLE_FOLDER_PATH)/Clippy";
			};
			name = Release;
		};
		FAD5D49C2D8F1B43005DD193 /* Debug */ = {
			isa = XCBuildConfiguration;
			buildSettings = {
				CODE_SIGN_STYLE = Automatic;
				CURRENT_PROJECT_VERSION = 1;
				DEVELOPMENT_TEAM = AKH9B7U82J;
				GENERATE_INFOPLIST_FILE = YES;
				MARKETING_VERSION = 1.0;
				PRODUCT_BUNDLE_IDENTIFIER = jnanismart.ClippyUITests;
				PRODUCT_NAME = "$(TARGET_NAME)";
				SWIFT_EMIT_LOC_STRINGS = NO;
				SWIFT_VERSION = 5.0;
				TEST_TARGET_NAME = Clippy;
			};
			name = Debug;
		};
		FAD5D49D2D8F1B43005DD193 /* Release */ = {
			isa = XCBuildConfiguration;
			buildSettings = {
				CODE_SIGN_STYLE = Automatic;
				CURRENT_PROJECT_VERSION = 1;
				DEVELOPMENT_TEAM = AKH9B7U82J;
				GENERATE_INFOPLIST_FILE = YES;
				MARKETING_VERSION = 1.0;
				PRODUCT_BUNDLE_IDENTIFIER = jnanismart.ClippyUITests;
				PRODUCT_NAME = "$(TARGET_NAME)";
				SWIFT_EMIT_LOC_STRINGS = NO;
				SWIFT_VERSION = 5.0;
				TEST_TARGET_NAME = Clippy;
			};
			name = Release;
		};
/* End XCBuildConfiguration section */

/* Begin XCConfigurationList section */
		FAD5D46B2D8F1B42005DD193 /* Build configuration list for PBXProject "Clippy" */ = {
			isa = XCConfigurationList;
			buildConfigurations = (
				FAD5D4932D8F1B43005DD193 /* Debug */,
				FAD5D4942D8F1B43005DD193 /* Release */,
			);
			defaultConfigurationIsVisible = 0;
			defaultConfigurationName = Release;
		};
		FAD5D4952D8F1B43005DD193 /* Build configuration list for PBXNativeTarget "Clippy" */ = {
			isa = XCConfigurationList;
			buildConfigurations = (
				FAD5D4962D8F1B43005DD193 /* Debug */,
				FAD5D4972D8F1B43005DD193 /* Release */,
			);
			defaultConfigurationIsVisible = 0;
			defaultConfigurationName = Release;
		};
		FAD5D4982D8F1B43005DD193 /* Build configuration list for PBXNativeTarget "ClippyTests" */ = {
			isa = XCConfigurationList;
			buildConfigurations = (
				FAD5D4992D8F1B43005DD193 /* Debug */,
				FAD5D49A2D8F1B43005DD193 /* Release */,
			);
			defaultConfigurationIsVisible = 0;
			defaultConfigurationName = Release;
		};
		FAD5D49B2D8F1B43005DD193 /* Build configuration list for PBXNativeTarget "ClippyUITests" */ = {
			isa = XCConfigurationList;
			buildConfigurations = (
				FAD5D49C2D8F1B43005DD193 /* Debug */,
				FAD5D49D2D8F1B43005DD193 /* Release */,
			);
			defaultConfigurationIsVisible = 0;
			defaultConfigurationName = Release;
		};
/* End XCConfigurationList section */
	};
	rootObject = FAD5D4682D8F1B42005DD193 /* Project object */;
}
